
Microsoft Visual Studio Solution File, Format Version 12.00
# Visual Studio Version 17
VisualStudioVersion = 17.7.34031.279
MinimumVisualStudioVersion = 10.0.40219.1
Project("{FAE04EC0-301F-11D3-BF4B-00C04F79EFBC}") = "Archery", "Archery.csproj", "{683399C9-BEFE-4487-9939-E1FF0AD4E682}"
EndProject
Project("{FAE04EC0-301F-11D3-BF4B-00C04F79EFBC}") = "Archery.Tests", "..\Archery.Tests\Archery.Tests.csproj", "{D19120B2-39E1-402C-9E16-3A4994E7C901}"
EndProject
Global
	GlobalSection(SolutionConfigurationPlatforms) = preSolution
		Debug|Any CPU = Debug|Any CPU
		Release|Any CPU = Release|Any CPU
	EndGlobalSection
	GlobalSection(ProjectConfigurationPlatforms) = postSolution
		{683399C9-BEFE-4487-9939-E1FF0AD4E682}.Debug|Any CPU.ActiveCfg = Debug|Any CPU
		{683399C9-BEFE-4487-9939-E1FF0AD4E682}.Debug|Any CPU.Build.0 = Debug|Any CPU
		{683399C9-BEFE-4487-9939-E1FF0AD4E682}.Release|Any CPU.ActiveCfg = Release|Any CPU
		{683399C9-BEFE-4487-9939-E1FF0AD4E682}.Release|Any CPU.Build.0 = Release|Any CPU
		{D19120B2-39E1-402C-9E16-3A4994E7C901}.Debug|Any CPU.ActiveCfg = Debug|Any CPU
		{D19120B2-39E1-402C-9E16-3A4994E7C901}.Debug|Any CPU.Build.0 = Debug|Any CPU
		{D19120B2-39E1-402C-9E16-3A4994E7C901}.Release|Any CPU.ActiveCfg = Release|Any CPU
		{D19120B2-39E1-402C-9E16-3A4994E7C901}.Release|Any CPU.Build.0 = Release|Any CPU
	EndGlobalSection
	GlobalSection(SolutionProperties) = preSolution
		HideSolutionNode = FALSE
	EndGlobalSection
	GlobalSection(ExtensibilityGlobals) = postSolution
		SolutionGuid = {6C49DF3C-65FB-42B0-93E8-00D09F610F1B}
	EndGlobalSection
EndGlobal
